{
  "name": "node-red-node-ui-etable",
  "version": "1.0.1",
  "lockfileVersion": 1,
  "requires": true,
  "dependencies": {
    "tabulator-tables": {
      "version": "4.6.1",
      "resolved": "https://registry.npmjs.org/tabulator-tables/-/tabulator-tables-4.6.1.tgz",
      "integrity": "sha512-e6wFIXDBnyr6tzvp7jfAT/N/74jj/af50turmjYVVNB5K7TmTD7GprR69TvqMlfmlsQaaPImMoKqNepa6bkJPQ=="
    }
  }
}
